// !$*UTF8*$!
{
	archiveVersion = 1;
	classes = {
	};
	objectVersion = 46;
	objects = {

/* Begin PBXBuildFile section */
		3123686A154C97010027FA38 /* UIKit.framework in Frameworks */ = {isa = PBXBuildFile; fileRef = 31236869154C97010027FA38 /* UIKit.framework */; };
		3123686C154C97010027FA38 /* Foundation.framework in Frameworks */ = {isa = PBXBuildFile; fileRef = 3123686B154C97010027FA38 /* Foundation.framework */; };
		3123686E154C97010027FA38 /* CoreGraphics.framework in Frameworks */ = {isa = PBXBuildFile; fileRef = 3123686D154C97010027FA38 /* CoreGraphics.framework */; };
		31236874154C97010027FA38 /* InfoPlist.strings in Resources */ = {isa = PBXBuildFile; fileRef = 31236872154C97010027FA38 /* InfoPlist.strings */; };
		31236876154C97010027FA38 /* main.m in Sources */ = {isa = PBXBuildFile; fileRef = 31236875154C97010027FA38 /* main.m */; };
		3123687A154C97010027FA38 /* AppDelegate.m in Sources */ = {isa = PBXBuildFile; fileRef = 31236879154C97010027FA38 /* AppDelegate.m */; };
		3123687D154C97010027FA38 /* MainStoryboard.storyboard in Resources */ = {isa = PBXBuildFile; fileRef = 3123687B154C97010027FA38 /* MainStoryboard.storyboard */; };
		31236880154C97010027FA38 /* ViewController.m in Sources */ = {isa = PBXBuildFile; fileRef = 3123687F154C97010027FA38 /* ViewController.m */; };
/* End PBXBuildFile section */

/* Begin PBXFileReference section */
		31236865154C97010027FA38 /* iBankMate.app */ = {isa = PBXFileReference; explicitFileType = wrapper.application; includeInIndex = 0; path = iBankMate.app; sourceTree = BUILT_PRODUCTS_DIR; };
		31236869154C97010027FA38 /* UIKit.framework */ = {isa = PBXFileReference; lastKnownFileType = wrapper.framework; name = UIKit.framework; path = System/Library/Frameworks/UIKit.framework; sourceTree = SDKROOT; };
		3123686B154C97010027FA38 /* Foundation.framework */ = {isa = PBXFileReference; lastKnownFileType = wrapper.framework; name = Foundation.framework; path = System/Library/Frameworks/Foundation.framework; sourceTree = SDKROOT; };
		3123686D154C97010027FA38 /* CoreGraphics.framework */ = {isa = PBXFileReference; lastKnownFileType = wrapper.framework; name = CoreGraphics.framework; path = System/Library/Frameworks/CoreGraphics.framework; sourceTree = SDKROOT; };
		31236871154C97010027FA38 /* iBankMate-Info.plist */ = {isa = PBXFileReference; lastKnownFileType = text.plist.xml; path = "iBankMate-Info.plist"; sourceTree = "<group>"; };
		31236873154C97010027FA38 /* en */ = {isa = PBXFileReference; lastKnownFileType = text.plist.strings; name = en; path = en.lproj/InfoPlist.strings; sourceTree = "<group>"; };
		31236875154C97010027FA38 /* main.m */ = {isa = PBXFileReference; lastKnownFileType = sourcecode.c.objc; path = main.m; sourceTree = "<group>"; };
		31236877154C97010027FA38 /* iBankMate-Prefix.pch */ = {isa = PBXFileReference; lastKnownFileType = sourcecode.c.h; path = "iBankMate-Prefix.pch"; sourceTree = "<group>"; };
		31236878154C97010027FA38 /* AppDelegate.h */ = {isa = PBXFileReference; lastKnownFileType = sourcecode.c.h; path = AppDelegate.h; sourceTree = "<group>"; };
		31236879154C97010027FA38 /* AppDelegate.m */ = {isa = PBXFileReference; lastKnownFileType = sourcecode.c.objc; path = AppDelegate.m; sourceTree = "<group>"; };
		3123687C154C97010027FA38 /* en */ = {isa = PBXFileReference; lastKnownFileType = file.storyboard; name = en; path = en.lproj/MainStoryboard.storyboard; sourceTree = "<group>"; };
		3123687E154C97010027FA38 /* ViewController.h */ = {isa = PBXFileReference; lastKnownFileType = sourcecode.c.h; path = ViewController.h; sourceTree = "<group>"; };
		3123687F154C97010027FA38 /* ViewController.m */ = {isa = PBXFileReference; lastKnownFileType = sourcecode.c.objc; path = ViewController.m; sourceTree = "<group>"; };
/* End PBXFileReference section */

/* Begin PBXFrameworksBuildPhase section */
		31236862154C97010027FA38 /* Frameworks */ = {
			isa = PBXFrameworksBuildPhase;
			buildActionMask = 2147483647;
			files = (
				3123686A154C97010027FA38 /* UIKit.framework in Frameworks */,
				3123686C154C97010027FA38 /* Foundation.framework in Frameworks */,
				3123686E154C97010027FA38 /* CoreGraphics.framework in Frameworks */,
			);
			runOnlyForDeploymentPostprocessing = 0;
		};
/* End PBXFrameworksBuildPhase section */

/* Begin PBXGroup section */
		3123685A154C97010027FA38 = {
			isa = PBXGroup;
			children = (
				3123686F154C97010027FA38 /* iBankMate */,
				31236868154C97010027FA38 /* Frameworks */,
				31236866154C97010027FA38 /* Products */,
			);
			sourceTree = "<group>";
		};
		31236866154C97010027FA38 /* Products */ = {
			isa = PBXGroup;
			children = (
				31236865154C97010027FA38 /* iBankMate.app */,
			);
			name = Products;
			sourceTree = "<group>";
		};
		31236868154C97010027FA38 /* Frameworks */ = {
			isa = PBXGroup;
			children = (
				31236869154C97010027FA38 /* UIKit.framework */,
				3123686B154C97010027FA38 /* Foundation.framework */,
				3123686D154C97010027FA38 /* CoreGraphics.framework */,
			);
			name = Frameworks;
			sourceTree = "<group>";
		};
		3123686F154C97010027FA38 /* iBankMate */ = {
			isa = PBXGroup;
			children = (
				31236878154C97010027FA38 /* AppDelegate.h */,
				31236879154C97010027FA38 /* AppDelegate.m */,
				3123687B154C97010027FA38 /* MainStoryboard.storyboard */,
				3123687E154C97010027FA38 /* ViewController.h */,
				3123687F154C97010027FA38 /* ViewController.m */,
				31236870154C97010027FA38 /* Supporting Files */,
			);
			path = iBankMate;
			sourceTree = "<group>";
		};
		31236870154C97010027FA38 /* Supporting Files */ = {
			isa = PBXGroup;
			children = (
				31236871154C97010027FA38 /* iBankMate-Info.plist */,
				31236872154C97010027FA38 /* InfoPlist.strings */,
				31236875154C97010027FA38 /* main.m */,
				31236877154C97010027FA38 /* iBankMate-Prefix.pch */,
			);
			name = "Supporting Files";
			sourceTree = "<group>";
		};
/* End PBXGroup section */

/* Begin PBXNativeTarget section */
		31236864154C97010027FA38 /* iBankMate */ = {
			isa = PBXNativeTarget;
			buildConfigurationList = 31236883154C97010027FA38 /* Build configuration list for PBXNativeTarget "iBankMate" */;
			buildPhases = (
				31236861154C97010027FA38 /* Sources */,
				31236862154C97010027FA38 /* Frameworks */,
				31236863154C97010027FA38 /* Resources */,
			);
			buildRules = (
			);
			dependencies = (
			);
			name = iBankMate;
			productName = iBankMate;
			productReference = 31236865154C97010027FA38 /* iBankMate.app */;
			productType = "com.apple.product-type.application";
		};
/* End PBXNativeTarget section */

/* Begin PBXProject section */
		3123685C154C97010027FA38 /* Project object */ = {
			isa = PBXProject;
			attributes = {
				LastUpgradeCheck = 0420;
			};
			buildConfigurationList = 3123685F154C97010027FA38 /* Build configuration list for PBXProject "iBankMate" */;
			compatibilityVersion = "Xcode 3.2";
			developmentRegion = English;
			hasScannedForEncodings = 0;
			knownRegions = (
				en,
			);
			mainGroup = 3123685A154C97010027FA38;
			productRefGroup = 31236866154C97010027FA38 /* Products */;
			projectDirPath = "";
			projectRoot = "";
			targets = (
				31236864154C97010027FA38 /* iBankMate */,
			);
		};
/* End PBXProject section */

/* Begin PBXResourcesBuildPhase section */
		31236863154C97010027FA38 /* Resources */ = {
			isa = PBXResourcesBuildPhase;
			buildActionMask = 2147483647;
			files = (
				31236874154C97010027FA38 /* InfoPlist.strings in Resources */,
				3123687D154C97010027FA38 /* MainStoryboard.storyboard in Resources */,
			);
			runOnlyForDeploymentPostprocessing = 0;
		};
/* End PBXResourcesBuildPhase section */

/* Begin PBXSourcesBuildPhase section */
		31236861154C97010027FA38 /* Sources */ = {
			isa = PBXSourcesBuildPhase;
			buildActionMask = 2147483647;
			files = (
				31236876154C97010027FA38 /* main.m in Sources */,
				3123687A154C97010027FA38 /* AppDelegate.m in Sources */,
				31236880154C97010027FA38 /* ViewController.m in Sources */,
			);
			runOnlyForDeploymentPostprocessing = 0;
		};
/* End PBXSourcesBuildPhase section */

/* Begin PBXVariantGroup section */
		31236872154C97010027FA38 /* InfoPlist.strings */ = {
			isa = PBXVariantGroup;
			children = (
				31236873154C97010027FA38 /* en */,
			);
			name = InfoPlist.strings;
			sourceTree = "<group>";
		};
		3123687B154C97010027FA38 /* MainStoryboard.storyboard */ = {
			isa = PBXVariantGroup;
			children = (
				3123687C154C97010027FA38 /* en */,
			);
			name = MainStoryboard.storyboard;
			sourceTree = "<group>";
		};
/* End PBXVariantGroup section */

/* Begin XCBuildConfiguration section */
		31236881154C97010027FA38 /* Debug */ = {
			isa = XCBuildConfiguration;
			buildSettings = {
				ALWAYS_SEARCH_USER_PATHS = NO;
				ARCHS = "$(ARCHS_STANDARD_32_BIT)";
				CLANG_ENABLE_OBJC_ARC = YES;
				"CODE_SIGN_IDENTITY[sdk=iphoneos*]" = "iPhone Developer";
				COPY_PHASE_STRIP = NO;
				GCC_C_LANGUAGE_STANDARD = gnu99;
				GCC_DYNAMIC_NO_PIC = NO;
				GCC_OPTIMIZATION_LEVEL = 0;
				GCC_PREPROCESSOR_DEFINITIONS = (
					"DEBUG=1",
					"$(inherited)",
				);
				GCC_SYMBOLS_PRIVATE_EXTERN = NO;
				GCC_VERSION = com.apple.compilers.llvm.clang.1_0;
				GCC_WARN_ABOUT_MISSING_PROTOTYPES = YES;
				GCC_WARN_ABOUT_RETURN_TYPE = YES;
				GCC_WARN_UNUSED_VARIABLE = YES;
				IPHONEOS_DEPLOYMENT_TARGET = 5.0;
				SDKROOT = iphoneos;
			};
			name = Debug;
		};
		31236882154C97010027FA38 /* Release */ = {
			isa = XCBuildConfiguration;
			buildSettings = {
				ALWAYS_SEARCH_USER_PATHS = NO;
				ARCHS = "$(ARCHS_STANDARD_32_BIT)";
				CLANG_ENABLE_OBJC_ARC = YES;
				"CODE_SIGN_IDENTITY[sdk=iphoneos*]" = "iPhone Developer";
				COPY_PHASE_STRIP = YES;
				GCC_C_LANGUAGE_STANDARD = gnu99;
				GCC_VERSION = com.apple.compilers.llvm.clang.1_0;
				GCC_WARN_ABOUT_MISSING_PROTOTYPES = YES;
				GCC_WARN_ABOUT_RETURN_TYPE = YES;
				GCC_WARN_UNUSED_VARIABLE = YES;
				IPHONEOS_DEPLOYMENT_TARGET = 5.0;
				OTHER_CFLAGS = "-DNS_BLOCK_ASSERTIONS=1";
				SDKROOT = iphoneos;
				VALIDATE_PRODUCT = YES;
			};
			name = Release;
		};
		31236884154C97010027FA38 /* Debug */ = {
			isa = XCBuildConfiguration;
			buildSettings = {
				GCC_PRECOMPILE_PREFIX_HEADER = YES;
				GCC_PREFIX_HEADER = "iBankMate/iBankMate-Prefix.pch";
				INFOPLIST_FILE = "iBankMate/iBankMate-Info.plist";
				PRODUCT_NAME = "$(TARGET_NAME)";
				WRAPPER_EXTENSION = app;
			};
			name = Debug;
		};
		31236885154C97010027FA38 /* Release */ = {
			isa = XCBuildConfiguration;
			buildSettings = {
				GCC_PRECOMPILE_PREFIX_HEADER = YES;
				GCC_PREFIX_HEADER = "iBankMate/iBankMate-Prefix.pch";
				INFOPLIST_FILE = "iBankMate/iBankMate-Info.plist";
				PRODUCT_NAME = "$(TARGET_NAME)";
				WRAPPER_EXTENSION = app;
			};
			name = Release;
		};
/* End XCBuildConfiguration section */

/* Begin XCConfigurationList section */
		3123685F154C97010027FA38 /* Build configuration list for PBXProject "iBankMate" */ = {
			isa = XCConfigurationList;
			buildConfigurations = (
				31236881154C97010027FA38 /* Debug */,
				31236882154C97010027FA38 /* Release */,
			);
			defaultConfigurationIsVisible = 0;
			defaultConfigurationName = Release;
		};
		31236883154C97010027FA38 /* Build configuration list for PBXNativeTarget "iBankMate" */ = {
			isa = XCConfigurationList;
			buildConfigurations = (
				31236884154C97010027FA38 /* Debug */,
				31236885154C97010027FA38 /* Release */,
			);
			defaultConfigurationIsVisible = 0;
		};
/* End XCConfigurationList section */
	};
	rootObject = 3123685C154C97010027FA38 /* Project object */;
}
